{
  "name": "hanlint",
  "version": "0.0.8",
  "lockfileVersion": 3,
  "requires": true,
  "packages": {
    "": {
      "name": "hanlint",
      "version": "0.0.8",
      "license": "SEE LICENSE IN koglType1.LICENSE.md",
      "bin": {
        "hanlint": "bin/hanlint.js"
      },
      "devDependencies": {
        "pyproc": "0.0.23"
      },
      "engines": {
        "node": ">=18"
      }
    },
    "node_modules/pyproc": {
      "version": "0.0.23",
      "resolved": "https://registry.npmjs.org/pyproc/-/pyproc-0.0.23.tgz",
      "integrity": "sha512-hwlGqmwQnp1dt+5FrP8T2fEWw34zI5n5uSyoM1DvylAEdtyJJDKANRnbPKSzojPnvQMqWz6kMQ5cH3G7EIkrcw==",
      "dev": true,
      "license": "MPL-2.0",
      "bin": {
        "pyproc-assets": "scripts/assetManifest.mjs",
        "pyproc-control": "scripts/pyprocControl.mjs",
        "pyproc-mcp": "scripts/pyprocMcp.mjs"
      }
    }
  }
}
